PODS:
  - Alamofire (4.0.1)
  - AlamofireHandlers (1.0.1):
    - Alamofire (~> 4.0)
    - RxSwift (~> 3.0.0)
  - Nimble (7.0.1)
  - Quick (0.10.0)
  - RxBlocking (3.0.0):
    - RxSwift (~> 3.0)
  - RxSwift (3.0.0)

DEPENDENCIES:
  - AlamofireHandlers (from `../`)
  - Nimble (= 7.0.1)
  - Quick
  - RxBlocking

SPEC REPOS:
  trunk:
    - Alamofire
    - Nimble
    - Quick
    - RxBlocking
    - RxSwift

EXTERNAL SOURCES:
  AlamofireHandlers:
    :path: "../"

SPEC CHECKSUMS:
  Alamofire: 7682d43245de14874acd142ec137b144aa1dd335
  AlamofireHandlers: 46dab794a9fd0587c2ea0b977a9fe57753c8f4ea
  Nimble: 657d000e11df8aebe27cdaf9d244de7f30ed87f7
  Quick: 5d290df1c69d5ee2f0729956dcf0fd9a30447eaa
  RxBlocking: 0132c660340d8b8f34b65b2e099167ea6134eecf
  RxSwift: a930cd662f5b4a7ca9dc3518585dba91dadf497c

PODFILE CHECKSUM: 1f7f9fc8405a60666d8635ee8e08e52c64322685

COCOAPODS: 1.9.3
